
Microsoft Visual Studio Solution File, Format Version 12.00
# Visual Studio Version 17
VisualStudioVersion = 17.6.33815.320
MinimumVisualStudioVersion = 10.0.40219.1
Project("{FAE04EC0-301F-11D3-BF4B-00C04F79EFBC}") = "ResxTools", "C:\Users\tgenaux\OneDrive - QuidelOrtho\tgenaux.GitHub\twgenaux.Tools\ResxToolsResxTools\ResxTools\ResxTools.csproj", "{98CE40C9-FC3E-42C9-99E3-FB4967075224}"
EndProject
Project("{FAE04EC0-301F-11D3-BF4B-00C04F79EFBC}") = "ResxFindStrings", "C:\Users\tgenaux\OneDrive - QuidelOrtho\tgenaux.GitHub\twgenaux.Tools\ResxTools\ResxFindStrings\ResxFindStrings.csproj", "{74F1D95B-6290-4C7C-AF0D-2DC9E6B3F21C}"
EndProject
Global
	GlobalSection(SolutionConfigurationPlatforms) = preSolution
		Debug|Any CPU = Debug|Any CPU
		Release|Any CPU = Release|Any CPU
	EndGlobalSection
	GlobalSection(ProjectConfigurationPlatforms) = postSolution
		{98CE40C9-FC3E-42C9-99E3-FB4967075224}.Debug|Any CPU.ActiveCfg = Debug|Any CPU
		{98CE40C9-FC3E-42C9-99E3-FB4967075224}.Debug|Any CPU.Build.0 = Debug|Any CPU
		{98CE40C9-FC3E-42C9-99E3-FB4967075224}.Release|Any CPU.ActiveCfg = Release|Any CPU
		{98CE40C9-FC3E-42C9-99E3-FB4967075224}.Release|Any CPU.Build.0 = Release|Any CPU
		{74F1D95B-6290-4C7C-AF0D-2DC9E6B3F21C}.Debug|Any CPU.ActiveCfg = Debug|Any CPU
		{74F1D95B-6290-4C7C-AF0D-2DC9E6B3F21C}.Debug|Any CPU.Build.0 = Debug|Any CPU
		{74F1D95B-6290-4C7C-AF0D-2DC9E6B3F21C}.Release|Any CPU.ActiveCfg = Release|Any CPU
		{74F1D95B-6290-4C7C-AF0D-2DC9E6B3F21C}.Release|Any CPU.Build.0 = Release|Any CPU
	EndGlobalSection
	GlobalSection(SolutionProperties) = preSolution
		HideSolutionNode = FALSE
	EndGlobalSection
	GlobalSection(ExtensibilityGlobals) = postSolution
		SolutionGuid = {0F08E77E-D171-48ED-A49A-4C0FF91FFC3C}
	EndGlobalSection
EndGlobal
